// !$*UTF8*$!
{
	archiveVersion = 1;
	classes = {
	};
	objectVersion = 55;
	objects = {

/* Begin PBXBuildFile section */
		0277BE882791203500E37BA4 /* AppCustomScreenLockSwiftUIApp.swift in Sources */ = {isa = PBXBuildFile; fileRef = 0277BE872791203500E37BA4 /* AppCustomScreenLockSwiftUIApp.swift */; };
		0277BE8A2791203500E37BA4 /* ContentView.swift in Sources */ = {isa = PBXBuildFile; fileRef = 0277BE892791203500E37BA4 /* ContentView.swift */; };
		0277BE8C2791203600E37BA4 /* Assets.xcassets in Resources */ = {isa = PBXBuildFile; fileRef = 0277BE8B2791203600E37BA4 /* Assets.xcassets */; };
		0277BE8F2791203600E37BA4 /* Preview Assets.xcassets in Resources */ = {isa = PBXBuildFile; fileRef = 0277BE8E2791203600E37BA4 /* Preview Assets.xcassets */; };
		0277BE992791203600E37BA4 /* AppCustomScreenLockSwiftUITests.swift in Sources */ = {isa = PBXBuildFile; fileRef = 0277BE982791203600E37BA4 /* AppCustomScreenLockSwiftUITests.swift */; };
		0277BEA32791203600E37BA4 /* AppCustomScreenLockSwiftUIUITests.swift in Sources */ = {isa = PBXBuildFile; fileRef = 0277BEA22791203600E37BA4 /* AppCustomScreenLockSwiftUIUITests.swift */; };
		0277BEA52791203600E37BA4 /* AppCustomScreenLockSwiftUIUITestsLaunchTests.swift in Sources */ = {isa = PBXBuildFile; fileRef = 0277BEA42791203600E37BA4 /* AppCustomScreenLockSwiftUIUITestsLaunchTests.swift */; };
		0277BEB32791310A00E37BA4 /* AppScreenLockViewModel.swift in Sources */ = {isa = PBXBuildFile; fileRef = 0277BEB22791310900E37BA4 /* AppScreenLockViewModel.swift */; };
		0277BEB52791317200E37BA4 /* AppScreenLockMode.swift in Sources */ = {isa = PBXBuildFile; fileRef = 0277BEB42791317200E37BA4 /* AppScreenLockMode.swift */; };
		02B9917527913366000E10C2 /* UserDefaultUtil.swift in Sources */ = {isa = PBXBuildFile; fileRef = 02B9917427913366000E10C2 /* UserDefaultUtil.swift */; };
		02B99177279133C9000E10C2 /* AppScreenLockView.swift in Sources */ = {isa = PBXBuildFile; fileRef = 02B99176279133C9000E10C2 /* AppScreenLockView.swift */; };
/* End PBXBuildFile section */

/* Begin PBXContainerItemProxy section */
		0277BE952791203600E37BA4 /* PBXContainerItemProxy */ = {
			isa = PBXContainerItemProxy;
			containerPortal = 0277BE7C2791203500E37BA4 /* Project object */;
			proxyType = 1;
			remoteGlobalIDString = 0277BE832791203500E37BA4;
			remoteInfo = AppCustomScreenLockSwiftUI;
		};
		0277BE9F2791203600E37BA4 /* PBXContainerItemProxy */ = {
			isa = PBXContainerItemProxy;
			containerPortal = 0277BE7C2791203500E37BA4 /* Project object */;
			proxyType = 1;
			remoteGlobalIDString = 0277BE832791203500E37BA4;
			remoteInfo = AppCustomScreenLockSwiftUI;
		};
/* End PBXContainerItemProxy section */

/* Begin PBXFileReference section */
		0277BE842791203500E37BA4 /* AppCustomScreenLockSwiftUI.app */ = {isa = PBXFileReference; explicitFileType = wrapper.application; includeInIndex = 0; path = AppCustomScreenLockSwiftUI.app; sourceTree = BUILT_PRODUCTS_DIR; };
		0277BE872791203500E37BA4 /* AppCustomScreenLockSwiftUIApp.swift */ = {isa = PBXFileReference; lastKnownFileType = sourcecode.swift; path = AppCustomScreenLockSwiftUIApp.swift; sourceTree = "<group>"; };
		0277BE892791203500E37BA4 /* ContentView.swift */ = {isa = PBXFileReference; lastKnownFileType = sourcecode.swift; path = ContentView.swift; sourceTree = "<group>"; };
		0277BE8B2791203600E37BA4 /* Assets.xcassets */ = {isa = PBXFileReference; lastKnownFileType = folder.assetcatalog; path = Assets.xcassets; sourceTree = "<group>"; };
		0277BE8E2791203600E37BA4 /* Preview Assets.xcassets */ = {isa = PBXFileReference; lastKnownFileType = folder.assetcatalog; path = "Preview Assets.xcassets"; sourceTree = "<group>"; };
		0277BE942791203600E37BA4 /* AppCustomScreenLockSwiftUITests.xctest */ = {isa = PBXFileReference; explicitFileType = wrapper.cfbundle; includeInIndex = 0; path = AppCustomScreenLockSwiftUITests.xctest; sourceTree = BUILT_PRODUCTS_DIR; };
		0277BE982791203600E37BA4 /* AppCustomScreenLockSwiftUITests.swift */ = {isa = PBXFileReference; lastKnownFileType = sourcecode.swift; path = AppCustomScreenLockSwiftUITests.swift; sourceTree = "<group>"; };
		0277BE9E2791203600E37BA4 /* AppCustomScreenLockSwiftUIUITests.xctest */ = {isa = PBXFileReference; explicitFileType = wrapper.cfbundle; includeInIndex = 0; path = AppCustomScreenLockSwiftUIUITests.xctest; sourceTree = BUILT_PRODUCTS_DIR; };
		0277BEA22791203600E37BA4 /* AppCustomScreenLockSwiftUIUITests.swift */ = {isa = PBXFileReference; lastKnownFileType = sourcecode.swift; path = AppCustomScreenLockSwiftUIUITests.swift; sourceTree = "<group>"; };
		0277BEA42791203600E37BA4 /* AppCustomScreenLockSwiftUIUITestsLaunchTests.swift */ = {isa = PBXFileReference; lastKnownFileType = sourcecode.swift; path = AppCustomScreenLockSwiftUIUITestsLaunchTests.swift; sourceTree = "<group>"; };
		0277BEB22791310900E37BA4 /* AppScreenLockViewModel.swift */ = {isa = PBXFileReference; lastKnownFileType = sourcecode.swift; path = AppScreenLockViewModel.swift; sourceTree = "<group>"; };
		0277BEB42791317200E37BA4 /* AppScreenLockMode.swift */ = {isa = PBXFileReference; lastKnownFileType = sourcecode.swift; path = AppScreenLockMode.swift; sourceTree = "<group>"; };
		02B9917427913366000E10C2 /* UserDefaultUtil.swift */ = {isa = PBXFileReference; lastKnownFileType = sourcecode.swift; path = UserDefaultUtil.swift; sourceTree = "<group>"; };
		02B99176279133C9000E10C2 /* AppScreenLockView.swift */ = {isa = PBXFileReference; lastKnownFileType = sourcecode.swift; path = AppScreenLockView.swift; sourceTree = "<group>"; };
/* End PBXFileReference section */

/* Begin PBXFrameworksBuildPhase section */
		0277BE812791203500E37BA4 /* Frameworks */ = {
			isa = PBXFrameworksBuildPhase;
			buildActionMask = 2147483647;
			files = (
			);
			runOnlyForDeploymentPostprocessing = 0;
		};
		0277BE912791203600E37BA4 /* Frameworks */ = {
			isa = PBXFrameworksBuildPhase;
			buildActionMask = 2147483647;
			files = (
			);
			runOnlyForDeploymentPostprocessing = 0;
		};
		0277BE9B2791203600E37BA4 /* Frameworks */ = {
			isa = PBXFrameworksBuildPhase;
			buildActionMask = 2147483647;
			files = (
			);
			runOnlyForDeploymentPostprocessing = 0;
		};
/* End PBXFrameworksBuildPhase section */

/* Begin PBXGroup section */
		0277BE7B2791203500E37BA4 = {
			isa = PBXGroup;
			children = (
				0277BE862791203500E37BA4 /* AppCustomScreenLockSwiftUI */,
				0277BE972791203600E37BA4 /* AppCustomScreenLockSwiftUITests */,
				0277BEA12791203600E37BA4 /* AppCustomScreenLockSwiftUIUITests */,
				0277BE852791203500E37BA4 /* Products */,
			);
			sourceTree = "<group>";
		};
		0277BE852791203500E37BA4 /* Products */ = {
			isa = PBXGroup;
			children = (
				0277BE842791203500E37BA4 /* AppCustomScreenLockSwiftUI.app */,
				0277BE942791203600E37BA4 /* AppCustomScreenLockSwiftUITests.xctest */,
				0277BE9E2791203600E37BA4 /* AppCustomScreenLockSwiftUIUITests.xctest */,
			);
			name = Products;
			sourceTree = "<group>";
		};
		0277BE862791203500E37BA4 /* AppCustomScreenLockSwiftUI */ = {
			isa = PBXGroup;
			children = (
				0277BE872791203500E37BA4 /* AppCustomScreenLockSwiftUIApp.swift */,
				0277BE892791203500E37BA4 /* ContentView.swift */,
				02B99178279133D5000E10C2 /* AppScreenLock */,
				02B99179279133EC000E10C2 /* Common */,
				0277BE8B2791203600E37BA4 /* Assets.xcassets */,
				0277BE8D2791203600E37BA4 /* Preview Content */,
			);
			path = AppCustomScreenLockSwiftUI;
			sourceTree = "<group>";
		};
		0277BE8D2791203600E37BA4 /* Preview Content */ = {
			isa = PBXGroup;
			children = (
				0277BE8E2791203600E37BA4 /* Preview Assets.xcassets */,
			);
			path = "Preview Content";
			sourceTree = "<group>";
		};
		0277BE972791203600E37BA4 /* AppCustomScreenLockSwiftUITests */ = {
			isa = PBXGroup;
			children = (
				0277BE982791203600E37BA4 /* AppCustomScreenLockSwiftUITests.swift */,
			);
			path = AppCustomScreenLockSwiftUITests;
			sourceTree = "<group>";
		};
		0277BEA12791203600E37BA4 /* AppCustomScreenLockSwiftUIUITests */ = {
			isa = PBXGroup;
			children = (
				0277BEA22791203600E37BA4 /* AppCustomScreenLockSwiftUIUITests.swift */,
				0277BEA42791203600E37BA4 /* AppCustomScreenLockSwiftUIUITestsLaunchTests.swift */,
			);
			path = AppCustomScreenLockSwiftUIUITests;
			sourceTree = "<group>";
		};
		02B99178279133D5000E10C2 /* AppScreenLock */ = {
			isa = PBXGroup;
			children = (
				0277BEB22791310900E37BA4 /* AppScreenLockViewModel.swift */,
				0277BEB42791317200E37BA4 /* AppScreenLockMode.swift */,
				02B99176279133C9000E10C2 /* AppScreenLockView.swift */,
			);
			path = AppScreenLock;
			sourceTree = "<group>";
		};
		02B99179279133EC000E10C2 /* Common */ = {
			isa = PBXGroup;
			children = (
				02B9917427913366000E10C2 /* UserDefaultUtil.swift */,
			);
			path = Common;
			sourceTree = "<group>";
		};
/* End PBXGroup section */

/* Begin PBXNativeTarget section */
		0277BE832791203500E37BA4 /* AppCustomScreenLockSwiftUI */ = {
			isa = PBXNativeTarget;
			buildConfigurationList = 0277BEA82791203600E37BA4 /* Build configuration list for PBXNativeTarget "AppCustomScreenLockSwiftUI" */;
			buildPhases = (
				0277BE802791203500E37BA4 /* Sources */,
				0277BE812791203500E37BA4 /* Frameworks */,
				0277BE822791203500E37BA4 /* Resources */,
			);
			buildRules = (
			);
			dependencies = (
			);
			name = AppCustomScreenLockSwiftUI;
			productName = AppCustomScreenLockSwiftUI;
			productReference = 0277BE842791203500E37BA4 /* AppCustomScreenLockSwiftUI.app */;
			productType = "com.apple.product-type.application";
		};
		0277BE932791203600E37BA4 /* AppCustomScreenLockSwiftUITests */ = {
			isa = PBXNativeTarget;
			buildConfigurationList = 0277BEAB2791203600E37BA4 /* Build configuration list for PBXNativeTarget "AppCustomScreenLockSwiftUITests" */;
			buildPhases = (
				0277BE902791203600E37BA4 /* Sources */,
				0277BE912791203600E37BA4 /* Frameworks */,
				0277BE922791203600E37BA4 /* Resources */,
			);
			buildRules = (
			);
			dependencies = (
				0277BE962791203600E37BA4 /* PBXTargetDependency */,
			);
			name = AppCustomScreenLockSwiftUITests;
			productName = AppCustomScreenLockSwiftUITests;
			productReference = 0277BE942791203600E37BA4 /* AppCustomScreenLockSwiftUITests.xctest */;
			productType = "com.apple.product-type.bundle.unit-test";
		};
		0277BE9D2791203600E37BA4 /* AppCustomScreenLockSwiftUIUITests */ = {
			isa = PBXNativeTarget;
			buildConfigurationList = 0277BEAE2791203600E37BA4 /* Build configuration list for PBXNativeTarget "AppCustomScreenLockSwiftUIUITests" */;
			buildPhases = (
				0277BE9A2791203600E37BA4 /* Sources */,
				0277BE9B2791203600E37BA4 /* Frameworks */,
				0277BE9C2791203600E37BA4 /* Resources */,
			);
			buildRules = (
			);
			dependencies = (
				0277BEA02791203600E37BA4 /* PBXTargetDependency */,
			);
			name = AppCustomScreenLockSwiftUIUITests;
			productName = AppCustomScreenLockSwiftUIUITests;
			productReference = 0277BE9E2791203600E37BA4 /* AppCustomScreenLockSwiftUIUITests.xctest */;
			productType = "com.apple.product-type.bundle.ui-testing";
		};
/* End PBXNativeTarget section */

/* Begin PBXProject section */
		0277BE7C2791203500E37BA4 /* Project object */ = {
			isa = PBXProject;
			attributes = {
				BuildIndependentTargetsInParallel = 1;
				LastSwiftUpdateCheck = 1300;
				LastUpgradeCheck = 1300;
				TargetAttributes = {
					0277BE832791203500E37BA4 = {
						CreatedOnToolsVersion = 13.0;
					};
					0277BE932791203600E37BA4 = {
						CreatedOnToolsVersion = 13.0;
						TestTargetID = 0277BE832791203500E37BA4;
					};
					0277BE9D2791203600E37BA4 = {
						CreatedOnToolsVersion = 13.0;
						TestTargetID = 0277BE832791203500E37BA4;
					};
				};
			};
			buildConfigurationList = 0277BE7F2791203500E37BA4 /* Build configuration list for PBXProject "AppCustomScreenLockSwiftUI" */;
			compatibilityVersion = "Xcode 13.0";
			developmentRegion = en;
			hasScannedForEncodings = 0;
			knownRegions = (
				en,
				Base,
			);
			mainGroup = 0277BE7B2791203500E37BA4;
			productRefGroup = 0277BE852791203500E37BA4 /* Products */;
			projectDirPath = "";
			projectRoot = "";
			targets = (
				0277BE832791203500E37BA4 /* AppCustomScreenLockSwiftUI */,
				0277BE932791203600E37BA4 /* AppCustomScreenLockSwiftUITests */,
				0277BE9D2791203600E37BA4 /* AppCustomScreenLockSwiftUIUITests */,
			);
		};
/* End PBXProject section */

/* Begin PBXResourcesBuildPhase section */
		0277BE822791203500E37BA4 /* Resources */ = {
			isa = PBXResourcesBuildPhase;
			buildActionMask = 2147483647;
			files = (
				0277BE8F2791203600E37BA4 /* Preview Assets.xcassets in Resources */,
				0277BE8C2791203600E37BA4 /* Assets.xcassets in Resources */,
			);
			runOnlyForDeploymentPostprocessing = 0;
		};
		0277BE922791203600E37BA4 /* Resources */ = {
			isa = PBXResourcesBuildPhase;
			buildActionMask = 2147483647;
			files = (
			);
			runOnlyForDeploymentPostprocessing = 0;
		};
		0277BE9C2791203600E37BA4 /* Resources */ = {
			isa = PBXResourcesBuildPhase;
			buildActionMask = 2147483647;
			files = (
			);
			runOnlyForDeploymentPostprocessing = 0;
		};
/* End PBXResourcesBuildPhase section */

/* Begin PBXSourcesBuildPhase section */
		0277BE802791203500E37BA4 /* Sources */ = {
			isa = PBXSourcesBuildPhase;
			buildActionMask = 2147483647;
			files = (
				0277BE8A2791203500E37BA4 /* ContentView.swift in Sources */,
				0277BEB52791317200E37BA4 /* AppScreenLockMode.swift in Sources */,
				0277BE882791203500E37BA4 /* AppCustomScreenLockSwiftUIApp.swift in Sources */,
				02B99177279133C9000E10C2 /* AppScreenLockView.swift in Sources */,
				02B9917527913366000E10C2 /* UserDefaultUtil.swift in Sources */,
				0277BEB32791310A00E37BA4 /* AppScreenLockViewModel.swift in Sources */,
			);
			runOnlyForDeploymentPostprocessing = 0;
		};
		0277BE902791203600E37BA4 /* Sources */ = {
			isa = PBXSourcesBuildPhase;
			buildActionMask = 2147483647;
			files = (
				0277BE992791203600E37BA4 /* AppCustomScreenLockSwiftUITests.swift in Sources */,
			);
			runOnlyForDeploymentPostprocessing = 0;
		};
		0277BE9A2791203600E37BA4 /* Sources */ = {
			isa = PBXSourcesBuildPhase;
			buildActionMask = 2147483647;
			files = (
				0277BEA52791203600E37BA4 /* AppCustomScreenLockSwiftUIUITestsLaunchTests.swift in Sources */,
				0277BEA32791203600E37BA4 /* AppCustomScreenLockSwiftUIUITests.swift in Sources */,
			);
			runOnlyForDeploymentPostprocessing = 0;
		};
/* End PBXSourcesBuildPhase section */

/* Begin PBXTargetDependency section */
		0277BE962791203600E37BA4 /* PBXTargetDependency */ = {
			isa = PBXTargetDependency;
			target = 0277BE832791203500E37BA4 /* AppCustomScreenLockSwiftUI */;
			targetProxy = 0277BE952791203600E37BA4 /* PBXContainerItemProxy */;
		};
		0277BEA02791203600E37BA4 /* PBXTargetDependency */ = {
			isa = PBXTargetDependency;
			target = 0277BE832791203500E37BA4 /* AppCustomScreenLockSwiftUI */;
			targetProxy = 0277BE9F2791203600E37BA4 /* PBXContainerItemProxy */;
		};
/* End PBXTargetDependency section */

/* Begin XCBuildConfiguration section */
		0277BEA62791203600E37BA4 /* Debug */ = {
			isa = XCBuildConfiguration;
			buildSettings = {
				ALWAYS_SEARCH_USER_PATHS = NO;
				CLANG_ANALYZER_NONNULL = YES;
				CLANG_ANALYZER_NUMBER_OBJECT_CONVERSION = YES_AGGRESSIVE;
				CLANG_CXX_LANGUAGE_STANDARD = "gnu++17";
				CLANG_CXX_LIBRARY = "libc++";
				CLANG_ENABLE_MODULES = YES;
				CLANG_ENABLE_OBJC_ARC = YES;
				CLANG_ENABLE_OBJC_WEAK = YES;
				CLANG_WARN_BLOCK_CAPTURE_AUTORELEASING = YES;
				CLANG_WARN_BOOL_CONVERSION = YES;
				CLANG_WARN_COMMA = YES;
				CLANG_WARN_CONSTANT_CONVERSION = YES;
				CLANG_WARN_DEPRECATED_OBJC_IMPLEMENTATIONS = YES;
				CLANG_WARN_DIRECT_OBJC_ISA_USAGE = YES_ERROR;
				CLANG_WARN_DOCUMENTATION_COMMENTS = YES;
				CLANG_WARN_EMPTY_BODY = YES;
				CLANG_WARN_ENUM_CONVERSION = YES;
				CLANG_WARN_INFINITE_RECURSION = YES;
				CLANG_WARN_INT_CONVERSION = YES;
				CLANG_WARN_NON_LITERAL_NULL_CONVERSION = YES;
				CLANG_WARN_OBJC_IMPLICIT_RETAIN_SELF = YES;
				CLANG_WARN_OBJC_LITERAL_CONVERSION = YES;
				CLANG_WARN_OBJC_ROOT_CLASS = YES_ERROR;
				CLANG_WARN_QUOTED_INCLUDE_IN_FRAMEWORK_HEADER = YES;
				CLANG_WARN_RANGE_LOOP_ANALYSIS = YES;
				CLANG_WARN_STRICT_PROTOTYPES = YES;
				CLANG_WARN_SUSPICIOUS_MOVE = YES;
				CLANG_WARN_UNGUARDED_AVAILABILITY = YES_AGGRESSIVE;
				CLANG_WARN_UNREACHABLE_CODE = YES;
				CLANG_WARN__DUPLICATE_METHOD_MATCH = YES;
				COPY_PHASE_STRIP = NO;
				DEBUG_INFORMATION_FORMAT = dwarf;
				ENABLE_STRICT_OBJC_MSGSEND = YES;
				ENABLE_TESTABILITY = YES;
				GCC_C_LANGUAGE_STANDARD = gnu11;
				GCC_DYNAMIC_NO_PIC = NO;
				GCC_NO_COMMON_BLOCKS = YES;
				GCC_OPTIMIZATION_LEVEL = 0;
				GCC_PREPROCESSOR_DEFINITIONS = (
					"DEBUG=1",
					"$(inherited)",
				);
				GCC_WARN_64_TO_32_BIT_CONVERSION = YES;
				GCC_WARN_ABOUT_RETURN_TYPE = YES_ERROR;
				GCC_WARN_UNDECLARED_SELECTOR = YES;
				GCC_WARN_UNINITIALIZED_AUTOS = YES_AGGRESSIVE;
				GCC_WARN_UNUSED_FUNCTION = YES;
				GCC_WARN_UNUSED_VARIABLE = YES;
				IPHONEOS_DEPLOYMENT_TARGET = 15.0;
				MTL_ENABLE_DEBUG_INFO = INCLUDE_SOURCE;
				MTL_FAST_MATH = YES;
				ONLY_ACTIVE_ARCH = YES;
				SDKROOT = iphoneos;
				SWIFT_ACTIVE_COMPILATION_CONDITIONS = DEBUG;
				SWIFT_OPTIMIZATION_LEVEL = "-Onone";
			};
			name = Debug;
		};
		0277BEA72791203600E37BA4 /* Release */ = {
			isa = XCBuildConfiguration;
			buildSettings = {
				ALWAYS_SEARCH_USER_PATHS = NO;
				CLANG_ANALYZER_NONNULL = YES;
				CLANG_ANALYZER_NUMBER_OBJECT_CONVERSION = YES_AGGRESSIVE;
				CLANG_CXX_LANGUAGE_STANDARD = "gnu++17";
				CLANG_CXX_LIBRARY = "libc++";
				CLANG_ENABLE_MODULES = YES;
				CLANG_ENABLE_OBJC_ARC = YES;
				CLANG_ENABLE_OBJC_WEAK = YES;
				CLANG_WARN_BLOCK_CAPTURE_AUTORELEASING = YES;
				CLANG_WARN_BOOL_CONVERSION = YES;
				CLANG_WARN_COMMA = YES;
				CLANG_WARN_CONSTANT_CONVERSION = YES;
				CLANG_WARN_DEPRECATED_OBJC_IMPLEMENTATIONS = YES;
				CLANG_WARN_DIRECT_OBJC_ISA_USAGE = YES_ERROR;
				CLANG_WARN_DOCUMENTATION_COMMENTS = YES;
				CLANG_WARN_EMPTY_BODY = YES;
				CLANG_WARN_ENUM_CONVERSION = YES;
				CLANG_WARN_INFINITE_RECURSION = YES;
				CLANG_WARN_INT_CONVERSION = YES;
				CLANG_WARN_NON_LITERAL_NULL_CONVERSION = YES;
				CLANG_WARN_OBJC_IMPLICIT_RETAIN_SELF = YES;
				CLANG_WARN_OBJC_LITERAL_CONVERSION = YES;
				CLANG_WARN_OBJC_ROOT_CLASS = YES_ERROR;
				CLANG_WARN_QUOTED_INCLUDE_IN_FRAMEWORK_HEADER = YES;
				CLANG_WARN_RANGE_LOOP_ANALYSIS = YES;
				CLANG_WARN_STRICT_PROTOTYPES = YES;
				CLANG_WARN_SUSPICIOUS_MOVE = YES;
				CLANG_WARN_UNGUARDED_AVAILABILITY = YES_AGGRESSIVE;
				CLANG_WARN_UNREACHABLE_CODE = YES;
				CLANG_WARN__DUPLICATE_METHOD_MATCH = YES;
				COPY_PHASE_STRIP = NO;
				DEBUG_INFORMATION_FORMAT = "dwarf-with-dsym";
				ENABLE_NS_ASSERTIONS = NO;
				ENABLE_STRICT_OBJC_MSGSEND = YES;
				GCC_C_LANGUAGE_STANDARD = gnu11;
				GCC_NO_COMMON_BLOCKS = YES;
				GCC_WARN_64_TO_32_BIT_CONVERSION = YES;
				GCC_WARN_ABOUT_RETURN_TYPE = YES_ERROR;
				GCC_WARN_UNDECLARED_SELECTOR = YES;
				GCC_WARN_UNINITIALIZED_AUTOS = YES_AGGRESSIVE;
				GCC_WARN_UNUSED_FUNCTION = YES;
				GCC_WARN_UNUSED_VARIABLE = YES;
				IPHONEOS_DEPLOYMENT_TARGET = 15.0;
				MTL_ENABLE_DEBUG_INFO = NO;
				MTL_FAST_MATH = YES;
				SDKROOT = iphoneos;
				SWIFT_COMPILATION_MODE = wholemodule;
				SWIFT_OPTIMIZATION_LEVEL = "-O";
				VALIDATE_PRODUCT = YES;
			};
			name = Release;
		};
		0277BEA92791203600E37BA4 /* Debug */ = {
			isa = XCBuildConfiguration;
			buildSettings = {
				ASSETCATALOG_COMPILER_APPICON_NAME = AppIcon;
				ASSETCATALOG_COMPILER_GLOBAL_ACCENT_COLOR_NAME = AccentColor;
				CODE_SIGN_STYLE = Automatic;
				CURRENT_PROJECT_VERSION = 1;
				DEVELOPMENT_ASSET_PATHS = "\"AppCustomScreenLockSwiftUI/Preview Content\"";
				DEVELOPMENT_TEAM = 96876GLFNC;
				ENABLE_PREVIEWS = YES;
				GENERATE_INFOPLIST_FILE = YES;
				INFOPLIST_KEY_UIApplicationSceneManifest_Generation = YES;
				INFOPLIST_KEY_UIApplicationSupportsIndirectInputEvents = YES;
				INFOPLIST_KEY_UILaunchScreen_Generation = YES;
				INFOPLIST_KEY_UISupportedInterfaceOrientations_iPad = "UIInterfaceOrientationPortrait UIInterfaceOrientationPortraitUpsideDown UIInterfaceOrientationLandscapeLeft UIInterfaceOrientationLandscapeRight";
				INFOPLIST_KEY_UISupportedInterfaceOrientations_iPhone = "UIInterfaceOrientationPortrait UIInterfaceOrientationLandscapeLeft UIInterfaceOrientationLandscapeRight";
				IPHONEOS_DEPLOYMENT_TARGET = 14.0;
				LD_RUNPATH_SEARCH_PATHS = (
					"$(inherited)",
					"@executable_path/Frameworks",
				);
				MARKETING_VERSION = 1.0;
				PRODUCT_BUNDLE_IDENTIFIER = com.kuruma42.AppCustomScreenLockSwiftUI;
				PRODUCT_NAME = "$(TARGET_NAME)";
				SWIFT_EMIT_LOC_STRINGS = YES;
				SWIFT_VERSION = 5.0;
				TARGETED_DEVICE_FAMILY = "1,2";
			};
			name = Debug;
		};
		0277BEAA2791203600E37BA4 /* Release */ = {
			isa = XCBuildConfiguration;
			buildSettings = {
				ASSETCATALOG_COMPILER_APPICON_NAME = AppIcon;
				ASSETCATALOG_COMPILER_GLOBAL_ACCENT_COLOR_NAME = AccentColor;
				CODE_SIGN_STYLE = Automatic;
				CURRENT_PROJECT_VERSION = 1;
				DEVELOPMENT_ASSET_PATHS = "\"AppCustomScreenLockSwiftUI/Preview Content\"";
				DEVELOPMENT_TEAM = 96876GLFNC;
				ENABLE_PREVIEWS = YES;
				GENERATE_INFOPLIST_FILE = YES;
				INFOPLIST_KEY_UIApplicationSceneManifest_Generation = YES;
				INFOPLIST_KEY_UIApplicationSupportsIndirectInputEvents = YES;
				INFOPLIST_KEY_UILaunchScreen_Generation = YES;
				INFOPLIST_KEY_UISupportedInterfaceOrientations_iPad = "UIInterfaceOrientationPortrait UIInterfaceOrientationPortraitUpsideDown UIInterfaceOrientationLandscapeLeft UIInterfaceOrientationLandscapeRight";
				INFOPLIST_KEY_UISupportedInterfaceOrientations_iPhone = "UIInterfaceOrientationPortrait UIInterfaceOrientationLandscapeLeft UIInterfaceOrientationLandscapeRight";
				IPHONEOS_DEPLOYMENT_TARGET = 14.0;
				LD_RUNPATH_SEARCH_PATHS = (
					"$(inherited)",
					"@executable_path/Frameworks",
				);
				MARKETING_VERSION = 1.0;
				PRODUCT_BUNDLE_IDENTIFIER = com.kuruma42.AppCustomScreenLockSwiftUI;
				PRODUCT_NAME = "$(TARGET_NAME)";
				SWIFT_EMIT_LOC_STRINGS = YES;
				SWIFT_VERSION = 5.0;
				TARGETED_DEVICE_FAMILY = "1,2";
			};
			name = Release;
		};
		0277BEAC2791203600E37BA4 /* Debug */ = {
			isa = XCBuildConfiguration;
			buildSettings = {
				ALWAYS_EMBED_SWIFT_STANDARD_LIBRARIES = YES;
				BUNDLE_LOADER = "$(TEST_HOST)";
				CODE_SIGN_STYLE = Automatic;
				CURRENT_PROJECT_VERSION = 1;
				DEVELOPMENT_TEAM = 96876GLFNC;
				GENERATE_INFOPLIST_FILE = YES;
				IPHONEOS_DEPLOYMENT_TARGET = 14.0;
				LD_RUNPATH_SEARCH_PATHS = (
					"$(inherited)",
					"@executable_path/Frameworks",
					"@loader_path/Frameworks",
				);
				MARKETING_VERSION = 1.0;
				PRODUCT_BUNDLE_IDENTIFIER = com.kuruma42.AppCustomScreenLockSwiftUITests;
				PRODUCT_NAME = "$(TARGET_NAME)";
				SWIFT_EMIT_LOC_STRINGS = NO;
				SWIFT_VERSION = 5.0;
				TARGETED_DEVICE_FAMILY = "1,2";
				TEST_HOST = "$(BUILT_PRODUCTS_DIR)/AppCustomScreenLockSwiftUI.app/AppCustomScreenLockSwiftUI";
			};
			name = Debug;
		};
		0277BEAD2791203600E37BA4 /* Release */ = {
			isa = XCBuildConfiguration;
			buildSettings = {
				ALWAYS_EMBED_SWIFT_STANDARD_LIBRARIES = YES;
				BUNDLE_LOADER = "$(TEST_HOST)";
				CODE_SIGN_STYLE = Automatic;
				CURRENT_PROJECT_VERSION = 1;
				DEVELOPMENT_TEAM = 96876GLFNC;
				GENERATE_INFOPLIST_FILE = YES;
				IPHONEOS_DEPLOYMENT_TARGET = 14.0;
				LD_RUNPATH_SEARCH_PATHS = (
					"$(inherited)",
					"@executable_path/Frameworks",
					"@loader_path/Frameworks",
				);
				MARKETING_VERSION = 1.0;
				PRODUCT_BUNDLE_IDENTIFIER = com.kuruma42.AppCustomScreenLockSwiftUITests;
				PRODUCT_NAME = "$(TARGET_NAME)";
				SWIFT_EMIT_LOC_STRINGS = NO;
				SWIFT_VERSION = 5.0;
				TARGETED_DEVICE_FAMILY = "1,2";
				TEST_HOST = "$(BUILT_PRODUCTS_DIR)/AppCustomScreenLockSwiftUI.app/AppCustomScreenLockSwiftUI";
			};
			name = Release;
		};
		0277BEAF2791203600E37BA4 /* Debug */ = {
			isa = XCBuildConfiguration;
			buildSettings = {
				ALWAYS_EMBED_SWIFT_STANDARD_LIBRARIES = YES;
				CODE_SIGN_STYLE = Automatic;
				CURRENT_PROJECT_VERSION = 1;
				DEVELOPMENT_TEAM = 96876GLFNC;
				GENERATE_INFOPLIST_FILE = YES;
				LD_RUNPATH_SEARCH_PATHS = (
					"$(inherited)",
					"@executable_path/Frameworks",
					"@loader_path/Frameworks",
				);
				MARKETING_VERSION = 1.0;
				PRODUCT_BUNDLE_IDENTIFIER = com.kuruma42.AppCustomScreenLockSwiftUIUITests;
				PRODUCT_NAME = "$(TARGET_NAME)";
				SWIFT_EMIT_LOC_STRINGS = NO;
				SWIFT_VERSION = 5.0;
				TARGETED_DEVICE_FAMILY = "1,2";
				TEST_TARGET_NAME = AppCustomScreenLockSwiftUI;
			};
			name = Debug;
		};
		0277BEB02791203600E37BA4 /* Release */ = {
			isa = XCBuildConfiguration;
			buildSettings = {
				ALWAYS_EMBED_SWIFT_STANDARD_LIBRARIES = YES;
				CODE_SIGN_STYLE = Automatic;
				CURRENT_PROJECT_VERSION = 1;
				DEVELOPMENT_TEAM = 96876GLFNC;
				GENERATE_INFOPLIST_FILE = YES;
				LD_RUNPATH_SEARCH_PATHS = (
					"$(inherited)",
					"@executable_path/Frameworks",
					"@loader_path/Frameworks",
				);
				MARKETING_VERSION = 1.0;
				PRODUCT_BUNDLE_IDENTIFIER = com.kuruma42.AppCustomScreenLockSwiftUIUITests;
				PRODUCT_NAME = "$(TARGET_NAME)";
				SWIFT_EMIT_LOC_STRINGS = NO;
				SWIFT_VERSION = 5.0;
				TARGETED_DEVICE_FAMILY = "1,2";
				TEST_TARGET_NAME = AppCustomScreenLockSwiftUI;
			};
			name = Release;
		};
/* End XCBuildConfiguration section */

/* Begin XCConfigurationList section */
		0277BE7F2791203500E37BA4 /* Build configuration list for PBXProject "AppCustomScreenLockSwiftUI" */ = {
			isa = XCConfigurationList;
			buildConfigurations = (
				0277BEA62791203600E37BA4 /* Debug */,
				0277BEA72791203600E37BA4 /* Release */,
			);
			defaultConfigurationIsVisible = 0;
			defaultConfigurationName = Release;
		};
		0277BEA82791203600E37BA4 /* Build configuration list for PBXNativeTarget "AppCustomScreenLockSwiftUI" */ = {
			isa = XCConfigurationList;
			buildConfigurations = (
				0277BEA92791203600E37BA4 /* Debug */,
				0277BEAA2791203600E37BA4 /* Release */,
			);
			defaultConfigurationIsVisible = 0;
			defaultConfigurationName = Release;
		};
		0277BEAB2791203600E37BA4 /* Build configuration list for PBXNativeTarget "AppCustomScreenLockSwiftUITests" */ = {
			isa = XCConfigurationList;
			buildConfigurations = (
				0277BEAC2791203600E37BA4 /* Debug */,
				0277BEAD2791203600E37BA4 /* Release */,
			);
			defaultConfigurationIsVisible = 0;
			defaultConfigurationName = Release;
		};
		0277BEAE2791203600E37BA4 /* Build configuration list for PBXNativeTarget "AppCustomScreenLockSwiftUIUITests" */ = {
			isa = XCConfigurationList;
			buildConfigurations = (
				0277BEAF2791203600E37BA4 /* Debug */,
				0277BEB02791203600E37BA4 /* Release */,
			);
			defaultConfigurationIsVisible = 0;
			defaultConfigurationName = Release;
		};
/* End XCConfigurationList section */
	};
	rootObject = 0277BE7C2791203500E37BA4 /* Project object */;
}
